
Microsoft Visual Studio Solution File, Format Version 12.00
# Visual Studio 15
VisualStudioVersion = 15.0.28307.757
MinimumVisualStudioVersion = 10.0.40219.1
Project("{FAE04EC0-301F-11D3-BF4B-00C04F79EFBC}") = "TouristGuide", "TouristGuide\TouristGuide.csproj", "{B5FEFC3C-624B-459F-9219-102B323E42C3}"
EndProject
Global
	GlobalSection(SolutionConfigurationPlatforms) = preSolution
		Debug|Any CPU = Debug|Any CPU
		Release|Any CPU = Release|Any CPU
	EndGlobalSection
	GlobalSection(ProjectConfigurationPlatforms) = postSolution
		{B5FEFC3C-624B-459F-9219-102B323E42C3}.Debug|Any CPU.ActiveCfg = Debug|Any CPU
		{B5FEFC3C-624B-459F-9219-102B323E42C3}.Debug|Any CPU.Build.0 = Debug|Any CPU
		{B5FEFC3C-624B-459F-9219-102B323E42C3}.Release|Any CPU.ActiveCfg = Release|Any CPU
		{B5FEFC3C-624B-459F-9219-102B323E42C3}.Release|Any CPU.Build.0 = Release|Any CPU
	EndGlobalSection
	GlobalSection(SolutionProperties) = preSolution
		HideSolutionNode = FALSE
	EndGlobalSection
	GlobalSection(ExtensibilityGlobals) = postSolution
		SolutionGuid = {92022BDC-DB08-4DB2-90ED-B4CF63D21419}
	EndGlobalSection
EndGlobal
